
Microsoft Visual Studio Solution File, Format Version 12.00
# Visual Studio Version 17
VisualStudioVersion = 17.4.33205.214
MinimumVisualStudioVersion = 10.0.40219.1
Project("{FAE04EC0-301F-11D3-BF4B-00C04F79EFBC}") = "Const Anahtar Kelimesi", "Const Anahtar Kelimesi\Const Anahtar Kelimesi.csproj", "{8AEB14CC-85DE-4CB2-B22D-D40736FE1CF2}"
EndProject
Global
	GlobalSection(SolutionConfigurationPlatforms) = preSolution
		Debug|Any CPU = Debug|Any CPU
		Release|Any CPU = Release|Any CPU
	EndGlobalSection
	GlobalSection(ProjectConfigurationPlatforms) = postSolution
		{8AEB14CC-85DE-4CB2-B22D-D40736FE1CF2}.Debug|Any CPU.ActiveCfg = Debug|Any CPU
		{8AEB14CC-85DE-4CB2-B22D-D40736FE1CF2}.Debug|Any CPU.Build.0 = Debug|Any CPU
		{8AEB14CC-85DE-4CB2-B22D-D40736FE1CF2}.Release|Any CPU.ActiveCfg = Release|Any CPU
		{8AEB14CC-85DE-4CB2-B22D-D40736FE1CF2}.Release|Any CPU.Build.0 = Release|Any CPU
	EndGlobalSection
	GlobalSection(SolutionProperties) = preSolution
		HideSolutionNode = FALSE
	EndGlobalSection
	GlobalSection(ExtensibilityGlobals) = postSolution
		SolutionGuid = {01D03B8F-39D8-47C5-9282-05B037638F7E}
	EndGlobalSection
EndGlobal
